
Microsoft Visual Studio Solution File, Format Version 12.00
# Visual Studio Version 17
VisualStudioVersion = 17.4.33213.308
MinimumVisualStudioVersion = 10.0.40219.1
Project("{FAE04EC0-301F-11D3-BF4B-00C04F79EFBC}") = "ServerTest", "ServerTest\ServerTest.csproj", "{60F4C8F0-0AA5-4610-A930-93E3AD135BC8}"
EndProject
Global
	GlobalSection(SolutionConfigurationPlatforms) = preSolution
		Debug|Any CPU = Debug|Any CPU
		Release|Any CPU = Release|Any CPU
	EndGlobalSection
	GlobalSection(ProjectConfigurationPlatforms) = postSolution
		{60F4C8F0-0AA5-4610-A930-93E3AD135BC8}.Debug|Any CPU.ActiveCfg = Debug|Any CPU
		{60F4C8F0-0AA5-4610-A930-93E3AD135BC8}.Debug|Any CPU.Build.0 = Debug|Any CPU
		{60F4C8F0-0AA5-4610-A930-93E3AD135BC8}.Release|Any CPU.ActiveCfg = Release|Any CPU
		{60F4C8F0-0AA5-4610-A930-93E3AD135BC8}.Release|Any CPU.Build.0 = Release|Any CPU
	EndGlobalSection
	GlobalSection(SolutionProperties) = preSolution
		HideSolutionNode = FALSE
	EndGlobalSection
	GlobalSection(ExtensibilityGlobals) = postSolution
		SolutionGuid = {A9A84698-6917-474C-B763-B90A68CF6C18}
	EndGlobalSection
EndGlobal
